<?xml version="1.0" encoding="utf-8"?>
<Project ToolsVersion="4.0" xmlns="http://schemas.microsoft.com/developer/msbuild/2003">
  <ItemGroup>
    <Filter Include="Source Files">
      <UniqueIdentifier>{4FC737F1-C7A5-4376-A066-2A32D752A2FF}</UniqueIdentifier>
      <Extensions>cpp;c;cc;cxx;def;odl;idl;hpj;bat;asm;asmx</Extensions>
    </Filter>
    <Filter Include="Header Files">
      <UniqueIdentifier>{93995380-89BD-4b04-88EB-625FBE52EBFB}</UniqueIdentifier>
      <Extensions>h;hh;hpp;hxx;hm;inl;inc;xsd</Extensions>
    </Filter>
    <Filter Include="Resource Files">
      <UniqueIdentifier>{67DA6AB6-F800-4c08-8B7A-83BB121AAD01}</UniqueIdentifier>
      <Extensions>rc;ico;cur;bmp;dlg;rc2;rct;bin;rgs;gif;jpg;jpeg;jpe;resx;tiff;tif;png;wav;mfcribbon-ms</Extensions>
    </Filter>
  </ItemGroup>
  <ItemGroup>
    <ClCompile Include="DllMain.cpp">
      <Filter>Source Files</Filter>
    </ClCompile>
    <ClCompile Include="Fiesta.cpp">
      <Filter>Source Files</Filter>
    </ClCompile>
    <ClCompile Include="FiestaSettings.cpp">
      <Filter>Source Files</Filter>
    </ClCompile>
    <ClCompile Include="Villain\Process.cpp">
      <Filter>Source Files</Filter>
    </ClCompile>
    <ClCompile Include="Villain\Generic.cpp">
      <Filter>Source Files</Filter>
    </ClCompile>
    <ClCompile Include="Modifications\CustomClasses\CustomClass.cpp">
      <Filter>Source Files</Filter>
    </ClCompile>
    <ClCompile Include="Modifications\CustomClasses\CustomClasses.cpp">
      <Filter>Source Files</Filter>
    </ClCompile>
    <ClCompile Include="Modifications\Interface\ExtraMenuTextures\ExtraMenuTextures.cpp">
      <Filter>Source Files</Filter>
    </ClCompile>
    <ClCompile Include="Villain\Modification.cpp">
      <Filter>Source Files</Filter>
    </ClCompile>
    <ClCompile Include="Modifications\Interface\ExtraMenuTextures\Hooks\MenuTexMgr_GetTexture_UpdateLimit.cpp">
      <Filter>Source Files</Filter>
    </ClCompile>
    <ClCompile Include="Modifications\Interface\ExtraMenuTextures\Hooks\MenuTexMgr_Create_GetTexturePath.cpp">
      <Filter>Source Files</Filter>
    </ClCompile>
  </ItemGroup>
  <ItemGroup>
    <ClInclude Include="Fiesta.h">
      <Filter>Header Files</Filter>
    </ClInclude>
    <ClInclude Include="Villain\Settings.h">
      <Filter>Header Files</Filter>
    </ClInclude>
    <ClInclude Include="FiestaSettings.h">
      <Filter>Header Files</Filter>
    </ClInclude>
    <ClInclude Include="Villain\Process.h">
      <Filter>Header Files</Filter>
    </ClInclude>
    <ClInclude Include="FiestaProcess.h">
      <Filter>Header Files</Filter>
    </ClInclude>
    <ClInclude Include="Villain\Generic.h">
      <Filter>Header Files</Filter>
    </ClInclude>
    <ClInclude Include="Game\Pointers.h">
      <Filter>Header Files</Filter>
    </ClInclude>
    <ClInclude Include="Include\ThirdParty\Detours\Detours.h">
      <Filter>Header Files</Filter>
    </ClInclude>
    <ClInclude Include="Villain\Hook.h">
      <Filter>Header Files</Filter>
    </ClInclude>
    <ClInclude Include="Modifications\CustomClasses\CustomClass.h">
      <Filter>Header Files</Filter>
    </ClInclude>
    <ClInclude Include="Modifications\CustomClasses\CustomClasses.h">
      <Filter>Header Files</Filter>
    </ClInclude>
    <ClInclude Include="Villain\Modification.h">
      <Filter>Header Files</Filter>
    </ClInclude>
    <ClInclude Include="Modifications\Interface\ExtraMenuTextures\ExtraMenuTextures.h">
      <Filter>Header Files</Filter>
    </ClInclude>
    <ClInclude Include="Modifications\Interface\ExtraMenuTextures\Hooks\MenuTexMgr_GetTexture_UpdateLimit.h">
      <Filter>Header Files</Filter>
    </ClInclude>
    <ClInclude Include="Modifications\Interface\ExtraMenuTextures\Hooks\MenuTexMgr_Create_GetTexturePath.h">
      <Filter>Header Files</Filter>
    </ClInclude>
  </ItemGroup>
  <ItemGroup>
    <None Include="Lib\Detours\detoured.exp" />
    <None Include="Lib\Detours\detours.pdb" />
  </ItemGroup>
  <ItemGroup>
    <Library Include="Lib\Detours\detoured.lib" />
    <Library Include="Lib\Detours\detours.lib" />
    <Library Include="Lib\Detours\liblua52_debug.lib" />
    <Library Include="Lib\Detours\liblua52_release.lib" />
  </ItemGroup>
</Project>